// !$*UTF8*$!
{
	archiveVersion = 1;
	classes = {
	};
	objectVersion = 46;
	objects = {

/* Begin PBXBuildFile section */
		141038A91C19D58F001EB64D /* AppDelegate.swift in Sources */ = {isa = PBXBuildFile; fileRef = 141038A81C19D58F001EB64D /* AppDelegate.swift */; };
		141038AB1C19D58F001EB64D /* ViewController.swift in Sources */ = {isa = PBXBuildFile; fileRef = 141038AA1C19D58F001EB64D /* ViewController.swift */; };
		141038AE1C19D58F001EB64D /* Main.storyboard in Resources */ = {isa = PBXBuildFile; fileRef = 141038AC1C19D58F001EB64D /* Main.storyboard */; };
		141038B01C19D58F001EB64D /* Assets.xcassets in Resources */ = {isa = PBXBuildFile; fileRef = 141038AF1C19D58F001EB64D /* Assets.xcassets */; };
		141038B31C19D58F001EB64D /* LaunchScreen.storyboard in Resources */ = {isa = PBXBuildFile; fileRef = 141038B11C19D58F001EB64D /* LaunchScreen.storyboard */; };
		141038BB1C19EBA9001EB64D /* SwiftCarousel.framework in Frameworks */ = {isa = PBXBuildFile; fileRef = 141038BA1C19EBA9001EB64D /* SwiftCarousel.framework */; };
		7C4E9FE66A3051ED6754A284 /* Pods.framework in Frameworks */ = {isa = PBXBuildFile; fileRef = CF3DF73F18FDB610AA003251 /* Pods.framework */; };
/* End PBXBuildFile section */

/* Begin PBXFileReference section */
		141038A51C19D58F001EB64D /* Example1.app */ = {isa = PBXFileReference; explicitFileType = wrapper.application; includeInIndex = 0; path = Example1.app; sourceTree = BUILT_PRODUCTS_DIR; };
		141038A81C19D58F001EB64D /* AppDelegate.swift */ = {isa = PBXFileReference; lastKnownFileType = sourcecode.swift; path = AppDelegate.swift; sourceTree = "<group>"; };
		141038AA1C19D58F001EB64D /* ViewController.swift */ = {isa = PBXFileReference; lastKnownFileType = sourcecode.swift; path = ViewController.swift; sourceTree = "<group>"; };
		141038AD1C19D58F001EB64D /* Base */ = {isa = PBXFileReference; lastKnownFileType = file.storyboard; name = Base; path = Base.lproj/Main.storyboard; sourceTree = "<group>"; };
		141038AF1C19D58F001EB64D /* Assets.xcassets */ = {isa = PBXFileReference; lastKnownFileType = folder.assetcatalog; path = Assets.xcassets; sourceTree = "<group>"; };
		141038B21C19D58F001EB64D /* Base */ = {isa = PBXFileReference; lastKnownFileType = file.storyboard; name = Base; path = Base.lproj/LaunchScreen.storyboard; sourceTree = "<group>"; };
		141038B41C19D58F001EB64D /* Info.plist */ = {isa = PBXFileReference; lastKnownFileType = text.plist.xml; path = Info.plist; sourceTree = "<group>"; };
		141038BA1C19EBA9001EB64D /* SwiftCarousel.framework */ = {isa = PBXFileReference; lastKnownFileType = wrapper.framework; name = SwiftCarousel.framework; path = "Pods/../build/Debug-iphoneos/SwiftCarousel.framework"; sourceTree = "<group>"; };
		1CED83A5C8E35999D2F7B61B /* Pods.debug.xcconfig */ = {isa = PBXFileReference; includeInIndex = 1; lastKnownFileType = text.xcconfig; name = Pods.debug.xcconfig; path = "Pods/Target Support Files/Pods/Pods.debug.xcconfig"; sourceTree = "<group>"; };
		7D007ED6C18305712B4506B3 /* Pods.release.xcconfig */ = {isa = PBXFileReference; includeInIndex = 1; lastKnownFileType = text.xcconfig; name = Pods.release.xcconfig; path = "Pods/Target Support Files/Pods/Pods.release.xcconfig"; sourceTree = "<group>"; };
		CF3DF73F18FDB610AA003251 /* Pods.framework */ = {isa = PBXFileReference; explicitFileType = wrapper.framework; includeInIndex = 0; path = Pods.framework; sourceTree = BUILT_PRODUCTS_DIR; };
/* End PBXFileReference section */

/* Begin PBXFrameworksBuildPhase section */
		141038A21C19D58F001EB64D /* Frameworks */ = {
			isa = PBXFrameworksBuildPhase;
			buildActionMask = 2147483647;
			files = (
				141038BB1C19EBA9001EB64D /* SwiftCarousel.framework in Frameworks */,
				7C4E9FE66A3051ED6754A284 /* Pods.framework in Frameworks */,
			);
			runOnlyForDeploymentPostprocessing = 0;
		};
/* End PBXFrameworksBuildPhase section */

/* Begin PBXGroup section */
		1410389C1C19D58F001EB64D = {
			isa = PBXGroup;
			children = (
				141038A71C19D58F001EB64D /* Example1 */,
				141038A61C19D58F001EB64D /* Products */,
				E620C2DAF8C4822002672265 /* Pods */,
				EE77590AC7D9E1549AA63F49 /* Frameworks */,
			);
			sourceTree = "<group>";
		};
		141038A61C19D58F001EB64D /* Products */ = {
			isa = PBXGroup;
			children = (
				141038A51C19D58F001EB64D /* Example1.app */,
			);
			name = Products;
			sourceTree = "<group>";
		};
		141038A71C19D58F001EB64D /* Example1 */ = {
			isa = PBXGroup;
			children = (
				141038A81C19D58F001EB64D /* AppDelegate.swift */,
				141038AA1C19D58F001EB64D /* ViewController.swift */,
				141038AC1C19D58F001EB64D /* Main.storyboard */,
				141038AF1C19D58F001EB64D /* Assets.xcassets */,
				141038B11C19D58F001EB64D /* LaunchScreen.storyboard */,
				141038B41C19D58F001EB64D /* Info.plist */,
			);
			path = Example1;
			sourceTree = "<group>";
		};
		E620C2DAF8C4822002672265 /* Pods */ = {
			isa = PBXGroup;
			children = (
				1CED83A5C8E35999D2F7B61B /* Pods.debug.xcconfig */,
				7D007ED6C18305712B4506B3 /* Pods.release.xcconfig */,
			);
			name = Pods;
			sourceTree = "<group>";
		};
		EE77590AC7D9E1549AA63F49 /* Frameworks */ = {
			isa = PBXGroup;
			children = (
				141038BA1C19EBA9001EB64D /* SwiftCarousel.framework */,
				CF3DF73F18FDB610AA003251 /* Pods.framework */,
			);
			name = Frameworks;
			sourceTree = "<group>";
		};
/* End PBXGroup section */

/* Begin PBXNativeTarget section */
		141038A41C19D58F001EB64D /* Example1 */ = {
			isa = PBXNativeTarget;
			buildConfigurationList = 141038B71C19D58F001EB64D /* Build configuration list for PBXNativeTarget "Example1" */;
			buildPhases = (
				A4F3F5D53D051789CD2C2303 /* Check Pods Manifest.lock */,
				141038A11C19D58F001EB64D /* Sources */,
				141038A21C19D58F001EB64D /* Frameworks */,
				141038A31C19D58F001EB64D /* Resources */,
				40E6959902B1DB241A9F15CA /* Embed Pods Frameworks */,
				597A3B918DBE3D4DB9FEBE19 /* Copy Pods Resources */,
			);
			buildRules = (
			);
			dependencies = (
			);
			name = Example1;
			productName = Example1;
			productReference = 141038A51C19D58F001EB64D /* Example1.app */;
			productType = "com.apple.product-type.application";
		};
/* End PBXNativeTarget section */

/* Begin PBXProject section */
		1410389D1C19D58F001EB64D /* Project object */ = {
			isa = PBXProject;
			attributes = {
				LastSwiftUpdateCheck = 0720;
				LastUpgradeCheck = 0720;
				ORGANIZATIONNAME = "Lukasz Mroz";
				TargetAttributes = {
					141038A41C19D58F001EB64D = {
						CreatedOnToolsVersion = 7.2;
						DevelopmentTeam = CCHRC6DB43;
					};
				};
			};
			buildConfigurationList = 141038A01C19D58F001EB64D /* Build configuration list for PBXProject "Example1" */;
			compatibilityVersion = "Xcode 3.2";
			developmentRegion = English;
			hasScannedForEncodings = 0;
			knownRegions = (
				en,
				Base,
			);
			mainGroup = 1410389C1C19D58F001EB64D;
			productRefGroup = 141038A61C19D58F001EB64D /* Products */;
			projectDirPath = "";
			projectRoot = "";
			targets = (
				141038A41C19D58F001EB64D /* Example1 */,
			);
		};
/* End PBXProject section */

/* Begin PBXResourcesBuildPhase section */
		141038A31C19D58F001EB64D /* Resources */ = {
			isa = PBXResourcesBuildPhase;
			buildActionMask = 2147483647;
			files = (
				141038B31C19D58F001EB64D /* LaunchScreen.storyboard in Resources */,
				141038B01C19D58F001EB64D /* Assets.xcassets in Resources */,
				141038AE1C19D58F001EB64D /* Main.storyboard in Resources */,
			);
			runOnlyForDeploymentPostprocessing = 0;
		};
/* End PBXResourcesBuildPhase section */

/* Begin PBXShellScriptBuildPhase section */
		40E6959902B1DB241A9F15CA /* Embed Pods Frameworks */ = {
			isa = PBXShellScriptBuildPhase;
			buildActionMask = 2147483647;
			files = (
			);
			inputPaths = (
			);
			name = "Embed Pods Frameworks";
			outputPaths = (
			);
			runOnlyForDeploymentPostprocessing = 0;
			shellPath = /bin/sh;
			shellScript = "\"${SRCROOT}/Pods/Target Support Files/Pods/Pods-frameworks.sh\"\n";
			showEnvVarsInLog = 0;
		};
		597A3B918DBE3D4DB9FEBE19 /* Copy Pods Resources */ = {
			isa = PBXShellScriptBuildPhase;
			buildActionMask = 2147483647;
			files = (
			);
			inputPaths = (
			);
			name = "Copy Pods Resources";
			outputPaths = (
			);
			runOnlyForDeploymentPostprocessing = 0;
			shellPath = /bin/sh;
			shellScript = "\"${SRCROOT}/Pods/Target Support Files/Pods/Pods-resources.sh\"\n";
			showEnvVarsInLog = 0;
		};
		A4F3F5D53D051789CD2C2303 /* Check Pods Manifest.lock */ = {
			isa = PBXShellScriptBuildPhase;
			buildActionMask = 2147483647;
			files = (
			);
			inputPaths = (
			);
			name = "Check Pods Manifest.lock";
			outputPaths = (
			);
			runOnlyForDeploymentPostprocessing = 0;
			shellPath = /bin/sh;
			shellScript = "diff \"${PODS_ROOT}/../Podfile.lock\" \"${PODS_ROOT}/Manifest.lock\" > /dev/null\nif [[ $? != 0 ]] ; then\n    cat << EOM\nerror: The sandbox is not in sync with the Podfile.lock. Run 'pod install' or update your CocoaPods installation.\nEOM\n    exit 1\nfi\n";
			showEnvVarsInLog = 0;
		};
/* End PBXShellScriptBuildPhase section */

/* Begin PBXSourcesBuildPhase section */
		141038A11C19D58F001EB64D /* Sources */ = {
			isa = PBXSourcesBuildPhase;
			buildActionMask = 2147483647;
			files = (
				141038AB1C19D58F001EB64D /* ViewController.swift in Sources */,
				141038A91C19D58F001EB64D /* AppDelegate.swift in Sources */,
			);
			runOnlyForDeploymentPostprocessing = 0;
		};
/* End PBXSourcesBuildPhase section */

/* Begin PBXVariantGroup section */
		141038AC1C19D58F001EB64D /* Main.storyboard */ = {
			isa = PBXVariantGroup;
			children = (
				141038AD1C19D58F001EB64D /* Base */,
			);
			name = Main.storyboard;
			sourceTree = "<group>";
		};
		141038B11C19D58F001EB64D /* LaunchScreen.storyboard */ = {
			isa = PBXVariantGroup;
			children = (
				141038B21C19D58F001EB64D /* Base */,
			);
			name = LaunchScreen.storyboard;
			sourceTree = "<group>";
		};
/* End PBXVariantGroup section */

/* Begin XCBuildConfiguration section */
		141038B51C19D58F001EB64D /* Debug */ = {
			isa = XCBuildConfiguration;
			buildSettings = {
				ALWAYS_SEARCH_USER_PATHS = NO;
				CLANG_CXX_LANGUAGE_STANDARD = "gnu++0x";
				CLANG_CXX_LIBRARY = "libc++";
				CLANG_ENABLE_MODULES = YES;
				CLANG_ENABLE_OBJC_ARC = YES;
				CLANG_WARN_BOOL_CONVERSION = YES;
				CLANG_WARN_CONSTANT_CONVERSION = YES;
				CLANG_WARN_DIRECT_OBJC_ISA_USAGE = YES_ERROR;
				CLANG_WARN_EMPTY_BODY = YES;
				CLANG_WARN_ENUM_CONVERSION = YES;
				CLANG_WARN_INT_CONVERSION = YES;
				CLANG_WARN_OBJC_ROOT_CLASS = YES_ERROR;
				CLANG_WARN_UNREACHABLE_CODE = YES;
				CLANG_WARN__DUPLICATE_METHOD_MATCH = YES;
				"CODE_SIGN_IDENTITY[sdk=iphoneos*]" = "iPhone Developer";
				COPY_PHASE_STRIP = NO;
				DEBUG_INFORMATION_FORMAT = dwarf;
				ENABLE_STRICT_OBJC_MSGSEND = YES;
				ENABLE_TESTABILITY = YES;
				GCC_C_LANGUAGE_STANDARD = gnu99;
				GCC_DYNAMIC_NO_PIC = NO;
				GCC_NO_COMMON_BLOCKS = YES;
				GCC_OPTIMIZATION_LEVEL = 0;
				GCC_PREPROCESSOR_DEFINITIONS = (
					"DEBUG=1",
					"$(inherited)",
				);
				GCC_WARN_64_TO_32_BIT_CONVERSION = YES;
				GCC_WARN_ABOUT_RETURN_TYPE = YES_ERROR;
				GCC_WARN_UNDECLARED_SELECTOR = YES;
				GCC_WARN_UNINITIALIZED_AUTOS = YES_AGGRESSIVE;
				GCC_WARN_UNUSED_FUNCTION = YES;
				GCC_WARN_UNUSED_VARIABLE = YES;
				IPHONEOS_DEPLOYMENT_TARGET = 8.0;
				MTL_ENABLE_DEBUG_INFO = YES;
				ONLY_ACTIVE_ARCH = YES;
				SDKROOT = iphoneos;
				SWIFT_OPTIMIZATION_LEVEL = "-Onone";
			};
			name = Debug;
		};
		141038B61C19D58F001EB64D /* Release */ = {
			isa = XCBuildConfiguration;
			buildSettings = {
				ALWAYS_SEARCH_USER_PATHS = NO;
				CLANG_CXX_LANGUAGE_STANDARD = "gnu++0x";
				CLANG_CXX_LIBRARY = "libc++";
				CLANG_ENABLE_MODULES = YES;
				CLANG_ENABLE_OBJC_ARC = YES;
				CLANG_WARN_BOOL_CONVERSION = YES;
				CLANG_WARN_CONSTANT_CONVERSION = YES;
				CLANG_WARN_DIRECT_OBJC_ISA_USAGE = YES_ERROR;
				CLANG_WARN_EMPTY_BODY = YES;
				CLANG_WARN_ENUM_CONVERSION = YES;
				CLANG_WARN_INT_CONVERSION = YES;
				CLANG_WARN_OBJC_ROOT_CLASS = YES_ERROR;
				CLANG_WARN_UNREACHABLE_CODE = YES;
				CLANG_WARN__DUPLICATE_METHOD_MATCH = YES;
				"CODE_SIGN_IDENTITY[sdk=iphoneos*]" = "iPhone Developer";
				COPY_PHASE_STRIP = NO;
				DEBUG_INFORMATION_FORMAT = "dwarf-with-dsym";
				ENABLE_NS_ASSERTIONS = NO;
				ENABLE_STRICT_OBJC_MSGSEND = YES;
				GCC_C_LANGUAGE_STANDARD = gnu99;
				GCC_NO_COMMON_BLOCKS = YES;
				GCC_WARN_64_TO_32_BIT_CONVERSION = YES;
				GCC_WARN_ABOUT_RETURN_TYPE = YES_ERROR;
				GCC_WARN_UNDECLARED_SELECTOR = YES;
				GCC_WARN_UNINITIALIZED_AUTOS = YES_AGGRESSIVE;
				GCC_WARN_UNUSED_FUNCTION = YES;
				GCC_WARN_UNUSED_VARIABLE = YES;
				IPHONEOS_DEPLOYMENT_TARGET = 8.0;
				MTL_ENABLE_DEBUG_INFO = NO;
				SDKROOT = iphoneos;
				VALIDATE_PRODUCT = YES;
			};
			name = Release;
		};
		141038B81C19D58F001EB64D /* Debug */ = {
			isa = XCBuildConfiguration;
			baseConfigurationReference = 1CED83A5C8E35999D2F7B61B /* Pods.debug.xcconfig */;
			buildSettings = {
				ASSETCATALOG_COMPILER_APPICON_NAME = AppIcon;
				CODE_SIGN_IDENTITY = "iPhone Developer";
				FRAMEWORK_SEARCH_PATHS = (
					"$(inherited)",
					"$(PROJECT_DIR)/build/Debug-iphoneos",
				);
				INFOPLIST_FILE = Example1/Info.plist;
				IPHONEOS_DEPLOYMENT_TARGET = 8.0;
				LD_RUNPATH_SEARCH_PATHS = "$(inherited) @executable_path/Frameworks";
				PRODUCT_BUNDLE_IDENTIFIER = com.droidsonroids.swiftcarousel.Example1;
				PRODUCT_NAME = "$(TARGET_NAME)";
			};
			name = Debug;
		};
		141038B91C19D58F001EB64D /* Release */ = {
			isa = XCBuildConfiguration;
			baseConfigurationReference = 7D007ED6C18305712B4506B3 /* Pods.release.xcconfig */;
			buildSettings = {
				ASSETCATALOG_COMPILER_APPICON_NAME = AppIcon;
				CODE_SIGN_IDENTITY = "iPhone Developer";
				FRAMEWORK_SEARCH_PATHS = (
					"$(inherited)",
					"$(PROJECT_DIR)/build/Debug-iphoneos",
				);
				INFOPLIST_FILE = Example1/Info.plist;
				IPHONEOS_DEPLOYMENT_TARGET = 8.0;
				LD_RUNPATH_SEARCH_PATHS = "$(inherited) @executable_path/Frameworks";
				PRODUCT_BUNDLE_IDENTIFIER = com.droidsonroids.swiftcarousel.Example1;
				PRODUCT_NAME = "$(TARGET_NAME)";
			};
			name = Release;
		};
/* End XCBuildConfiguration section */

/* Begin XCConfigurationList section */
		141038A01C19D58F001EB64D /* Build configuration list for PBXProject "Example1" */ = {
			isa = XCConfigurationList;
			buildConfigurations = (
				141038B51C19D58F001EB64D /* Debug */,
				141038B61C19D58F001EB64D /* Release */,
			);
			defaultConfigurationIsVisible = 0;
			defaultConfigurationName = Release;
		};
		141038B71C19D58F001EB64D /* Build configuration list for PBXNativeTarget "Example1" */ = {
			isa = XCConfigurationList;
			buildConfigurations = (
				141038B81C19D58F001EB64D /* Debug */,
				141038B91C19D58F001EB64D /* Release */,
			);
			defaultConfigurationIsVisible = 0;
			defaultConfigurationName = Release;
		};
/* End XCConfigurationList section */
	};
	rootObject = 1410389D1C19D58F001EB64D /* Project object */;
}
